
Microsoft Visual Studio Solution File, Format Version 12.00
# Visual Studio Version 17
VisualStudioVersion = 17.11.35327.3
MinimumVisualStudioVersion = 10.0.40219.1
Project("{FAE04EC0-301F-11D3-BF4B-00C04F79EFBC}") = "MauiAppHotelAtt", "MauiAppHotelAtt.csproj", "{06671397-C52E-409E-B9C0-BC89C57ABAF0}"
EndProject
Global
	GlobalSection(SolutionConfigurationPlatforms) = preSolution
		Debug|Any CPU = Debug|Any CPU
		Release|Any CPU = Release|Any CPU
	EndGlobalSection
	GlobalSection(ProjectConfigurationPlatforms) = postSolution
		{06671397-C52E-409E-B9C0-BC89C57ABAF0}.Debug|Any CPU.ActiveCfg = Debug|Any CPU
		{06671397-C52E-409E-B9C0-BC89C57ABAF0}.Debug|Any CPU.Build.0 = Debug|Any CPU
		{06671397-C52E-409E-B9C0-BC89C57ABAF0}.Debug|Any CPU.Deploy.0 = Debug|Any CPU
		{06671397-C52E-409E-B9C0-BC89C57ABAF0}.Release|Any CPU.ActiveCfg = Release|Any CPU
		{06671397-C52E-409E-B9C0-BC89C57ABAF0}.Release|Any CPU.Build.0 = Release|Any CPU
		{06671397-C52E-409E-B9C0-BC89C57ABAF0}.Release|Any CPU.Deploy.0 = Release|Any CPU
	EndGlobalSection
	GlobalSection(SolutionProperties) = preSolution
		HideSolutionNode = FALSE
	EndGlobalSection
	GlobalSection(ExtensibilityGlobals) = postSolution
		SolutionGuid = {602A7685-7A38-4E35-BC11-5891B9D17944}
	EndGlobalSection
EndGlobal
